// !$*UTF8*$!
{
	archiveVersion = 1;
	classes = {
	};
	objectVersion = 50;
	objects = {

/* Begin PBXBuildFile section */
		A2AA44532616D4F900E449C6 /* DemoCodeGenApp.swift in Sources */ = {isa = PBXBuildFile; fileRef = A2AA44522616D4F900E449C6 /* DemoCodeGenApp.swift */; };
		A2AA44552616D4F900E449C6 /* ContentView.swift in Sources */ = {isa = PBXBuildFile; fileRef = A2AA44542616D4F900E449C6 /* ContentView.swift */; };
		A2AA44572616D4FA00E449C6 /* Assets.xcassets in Resources */ = {isa = PBXBuildFile; fileRef = A2AA44562616D4FA00E449C6 /* Assets.xcassets */; };
		A2AA445A2616D4FA00E449C6 /* Preview Assets.xcassets in Resources */ = {isa = PBXBuildFile; fileRef = A2AA44592616D4FA00E449C6 /* Preview Assets.xcassets */; };
		A8534C2A3D5E677BF8F23277 /* Hello.swift in Sources */ = {isa = PBXBuildFile; fileRef = 4CE3CC80964DC4949A7AC5F6 /* Hello.swift */; };
		BCE96E5998EEAF0E344444A7 /* Hello.swift in Sources */ = {isa = PBXBuildFile; fileRef = 940605D9DA9AA0CFDDEDF9DB /* Hello.swift */; };
/* End PBXBuildFile section */

/* Begin PBXFileReference section */
		4CE3CC80964DC4949A7AC5F6 /* Hello.swift */ = {isa = PBXFileReference; includeInIndex = 1; lastKnownFileType = sourcecode.swift; path = Hello.swift; sourceTree = "<group>"; };
		940605D9DA9AA0CFDDEDF9DB /* Hello.swift */ = {isa = PBXFileReference; includeInIndex = 1; lastKnownFileType = sourcecode.swift; path = Hello.swift; sourceTree = "<group>"; };
		A2AA444F2616D4F900E449C6 /* DemoCodeGen.app */ = {isa = PBXFileReference; explicitFileType = wrapper.application; includeInIndex = 0; path = DemoCodeGen.app; sourceTree = BUILT_PRODUCTS_DIR; };
		A2AA44522616D4F900E449C6 /* DemoCodeGenApp.swift */ = {isa = PBXFileReference; lastKnownFileType = sourcecode.swift; path = DemoCodeGenApp.swift; sourceTree = "<group>"; };
		A2AA44542616D4F900E449C6 /* ContentView.swift */ = {isa = PBXFileReference; lastKnownFileType = sourcecode.swift; path = ContentView.swift; sourceTree = "<group>"; };
		A2AA44562616D4FA00E449C6 /* Assets.xcassets */ = {isa = PBXFileReference; lastKnownFileType = folder.assetcatalog; path = Assets.xcassets; sourceTree = "<group>"; };
		A2AA44592616D4FA00E449C6 /* Preview Assets.xcassets */ = {isa = PBXFileReference; lastKnownFileType = folder.assetcatalog; path = "Preview Assets.xcassets"; sourceTree = "<group>"; };
		A2AA445B2616D4FA00E449C6 /* Info.plist */ = {isa = PBXFileReference; lastKnownFileType = text.plist.xml; path = Info.plist; sourceTree = "<group>"; };
/* End PBXFileReference section */

/* Begin PBXFrameworksBuildPhase section */
		A2AA444C2616D4F900E449C6 /* Frameworks */ = {
			isa = PBXFrameworksBuildPhase;
			buildActionMask = 2147483647;
			files = (
			);
			runOnlyForDeploymentPostprocessing = 0;
		};
/* End PBXFrameworksBuildPhase section */

/* Begin PBXGroup section */
		494EDD77259A4BABD1449266 /* Demo */ = {
			isa = PBXGroup;
			children = (
				A3158F9A334EEA1776E54937 /* Demo */,
			);
			name = Demo;
			sourceTree = "<group>";
		};
		A2AA44462616D4F900E449C6 = {
			isa = PBXGroup;
			children = (
				A2AA44512616D4F900E449C6 /* DemoCodeGen */,
				A2AA44502616D4F900E449C6 /* Products */,
			);
			sourceTree = "<group>";
		};
		A2AA44502616D4F900E449C6 /* Products */ = {
			isa = PBXGroup;
			children = (
				A2AA444F2616D4F900E449C6 /* DemoCodeGen.app */,
			);
			name = Products;
			sourceTree = "<group>";
		};
		A2AA44512616D4F900E449C6 /* DemoCodeGen */ = {
			isa = PBXGroup;
			children = (
				A2AA44522616D4F900E449C6 /* DemoCodeGenApp.swift */,
				A2AA44542616D4F900E449C6 /* ContentView.swift */,
				A2AA44562616D4FA00E449C6 /* Assets.xcassets */,
				A2AA445B2616D4FA00E449C6 /* Info.plist */,
				A2AA44582616D4FA00E449C6 /* Preview Content */,
				940605D9DA9AA0CFDDEDF9DB /* Hello.swift */,
				494EDD77259A4BABD1449266 /* Demo */,
			);
			path = DemoCodeGen;
			sourceTree = "<group>";
		};
		A2AA44582616D4FA00E449C6 /* Preview Content */ = {
			isa = PBXGroup;
			children = (
				A2AA44592616D4FA00E449C6 /* Preview Assets.xcassets */,
			);
			path = "Preview Content";
			sourceTree = "<group>";
		};
		A3158F9A334EEA1776E54937 /* Demo */ = {
			isa = PBXGroup;
			children = (
				4CE3CC80964DC4949A7AC5F6 /* Hello.swift */,
			);
			name = Demo;
			sourceTree = "<group>";
		};
/* End PBXGroup section */

/* Begin PBXNativeTarget section */
		A2AA444E2616D4F900E449C6 /* DemoCodeGen */ = {
			isa = PBXNativeTarget;
			buildConfigurationList = A2AA445E2616D4FA00E449C6 /* Build configuration list for PBXNativeTarget "DemoCodeGen" */;
			buildPhases = (
				A2AA444B2616D4F900E449C6 /* Sources */,
				A2AA444C2616D4F900E449C6 /* Frameworks */,
				A2AA444D2616D4F900E449C6 /* Resources */,
			);
			buildRules = (
			);
			dependencies = (
			);
			name = DemoCodeGen;
			productName = DemoCodeGen;
			productReference = A2AA444F2616D4F900E449C6 /* DemoCodeGen.app */;
			productType = "com.apple.product-type.application";
		};
/* End PBXNativeTarget section */

/* Begin PBXProject section */
		A2AA44472616D4F900E449C6 /* Project object */ = {
			isa = PBXProject;
			attributes = {
				LastSwiftUpdateCheck = 1240;
				LastUpgradeCheck = 1240;
				TargetAttributes = {
					A2AA444E2616D4F900E449C6 = {
						CreatedOnToolsVersion = 12.4;
					};
				};
			};
			buildConfigurationList = A2AA444A2616D4F900E449C6 /* Build configuration list for PBXProject "DemoCodeGen" */;
			compatibilityVersion = "Xcode 9.3";
			developmentRegion = en;
			hasScannedForEncodings = 0;
			knownRegions = (
				en,
				Base,
			);
			mainGroup = A2AA44462616D4F900E449C6;
			productRefGroup = A2AA44502616D4F900E449C6 /* Products */;
			projectDirPath = "";
			projectRoot = "";
			targets = (
				A2AA444E2616D4F900E449C6 /* DemoCodeGen */,
			);
		};
/* End PBXProject section */

/* Begin PBXResourcesBuildPhase section */
		A2AA444D2616D4F900E449C6 /* Resources */ = {
			isa = PBXResourcesBuildPhase;
			buildActionMask = 2147483647;
			files = (
				A2AA445A2616D4FA00E449C6 /* Preview Assets.xcassets in Resources */,
				A2AA44572616D4FA00E449C6 /* Assets.xcassets in Resources */,
			);
			runOnlyForDeploymentPostprocessing = 0;
		};
/* End PBXResourcesBuildPhase section */

/* Begin PBXSourcesBuildPhase section */
		A2AA444B2616D4F900E449C6 /* Sources */ = {
			isa = PBXSourcesBuildPhase;
			buildActionMask = 2147483647;
			files = (
				A2AA44552616D4F900E449C6 /* ContentView.swift in Sources */,
				A2AA44532616D4F900E449C6 /* DemoCodeGenApp.swift in Sources */,
				BCE96E5998EEAF0E344444A7 /* Hello.swift in Sources */,
				A8534C2A3D5E677BF8F23277 /* Hello.swift in Sources */,
			);
			runOnlyForDeploymentPostprocessing = 0;
		};
/* End PBXSourcesBuildPhase section */

/* Begin XCBuildConfiguration section */
		A2AA445C2616D4FA00E449C6 /* Debug */ = {
			isa = XCBuildConfiguration;
			buildSettings = {
				ALWAYS_SEARCH_USER_PATHS = NO;
				CLANG_ANALYZER_NONNULL = YES;
				CLANG_ANALYZER_NUMBER_OBJECT_CONVERSION = YES_AGGRESSIVE;
				CLANG_CXX_LANGUAGE_STANDARD = "gnu++14";
				CLANG_CXX_LIBRARY = "libc++";
				CLANG_ENABLE_MODULES = YES;
				CLANG_ENABLE_OBJC_ARC = YES;
				CLANG_ENABLE_OBJC_WEAK = YES;
				CLANG_WARN_BLOCK_CAPTURE_AUTORELEASING = YES;
				CLANG_WARN_BOOL_CONVERSION = YES;
				CLANG_WARN_COMMA = YES;
				CLANG_WARN_CONSTANT_CONVERSION = YES;
				CLANG_WARN_DEPRECATED_OBJC_IMPLEMENTATIONS = YES;
				CLANG_WARN_DIRECT_OBJC_ISA_USAGE = YES_ERROR;
				CLANG_WARN_DOCUMENTATION_COMMENTS = YES;
				CLANG_WARN_EMPTY_BODY = YES;
				CLANG_WARN_ENUM_CONVERSION = YES;
				CLANG_WARN_INFINITE_RECURSION = YES;
				CLANG_WARN_INT_CONVERSION = YES;
				CLANG_WARN_NON_LITERAL_NULL_CONVERSION = YES;
				CLANG_WARN_OBJC_IMPLICIT_RETAIN_SELF = YES;
				CLANG_WARN_OBJC_LITERAL_CONVERSION = YES;
				CLANG_WARN_OBJC_ROOT_CLASS = YES_ERROR;
				CLANG_WARN_QUOTED_INCLUDE_IN_FRAMEWORK_HEADER = YES;
				CLANG_WARN_RANGE_LOOP_ANALYSIS = YES;
				CLANG_WARN_STRICT_PROTOTYPES = YES;
				CLANG_WARN_SUSPICIOUS_MOVE = YES;
				CLANG_WARN_UNGUARDED_AVAILABILITY = YES_AGGRESSIVE;
				CLANG_WARN_UNREACHABLE_CODE = YES;
				CLANG_WARN__DUPLICATE_METHOD_MATCH = YES;
				COPY_PHASE_STRIP = NO;
				DEBUG_INFORMATION_FORMAT = dwarf;
				ENABLE_STRICT_OBJC_MSGSEND = YES;
				ENABLE_TESTABILITY = YES;
				GCC_C_LANGUAGE_STANDARD = gnu11;
				GCC_DYNAMIC_NO_PIC = NO;
				GCC_NO_COMMON_BLOCKS = YES;
				GCC_OPTIMIZATION_LEVEL = 0;
				GCC_PREPROCESSOR_DEFINITIONS = (
					"DEBUG=1",
					"$(inherited)",
				);
				GCC_WARN_64_TO_32_BIT_CONVERSION = YES;
				GCC_WARN_ABOUT_RETURN_TYPE = YES_ERROR;
				GCC_WARN_UNDECLARED_SELECTOR = YES;
				GCC_WARN_UNINITIALIZED_AUTOS = YES_AGGRESSIVE;
				GCC_WARN_UNUSED_FUNCTION = YES;
				GCC_WARN_UNUSED_VARIABLE = YES;
				IPHONEOS_DEPLOYMENT_TARGET = 14.4;
				MTL_ENABLE_DEBUG_INFO = INCLUDE_SOURCE;
				MTL_FAST_MATH = YES;
				ONLY_ACTIVE_ARCH = YES;
				SDKROOT = iphoneos;
				SWIFT_ACTIVE_COMPILATION_CONDITIONS = DEBUG;
				SWIFT_OPTIMIZATION_LEVEL = "-Onone";
			};
			name = Debug;
		};
		A2AA445D2616D4FA00E449C6 /* Release */ = {
			isa = XCBuildConfiguration;
			buildSettings = {
				ALWAYS_SEARCH_USER_PATHS = NO;
				CLANG_ANALYZER_NONNULL = YES;
				CLANG_ANALYZER_NUMBER_OBJECT_CONVERSION = YES_AGGRESSIVE;
				CLANG_CXX_LANGUAGE_STANDARD = "gnu++14";
				CLANG_CXX_LIBRARY = "libc++";
				CLANG_ENABLE_MODULES = YES;
				CLANG_ENABLE_OBJC_ARC = YES;
				CLANG_ENABLE_OBJC_WEAK = YES;
				CLANG_WARN_BLOCK_CAPTURE_AUTORELEASING = YES;
				CLANG_WARN_BOOL_CONVERSION = YES;
				CLANG_WARN_COMMA = YES;
				CLANG_WARN_CONSTANT_CONVERSION = YES;
				CLANG_WARN_DEPRECATED_OBJC_IMPLEMENTATIONS = YES;
				CLANG_WARN_DIRECT_OBJC_ISA_USAGE = YES_ERROR;
				CLANG_WARN_DOCUMENTATION_COMMENTS = YES;
				CLANG_WARN_EMPTY_BODY = YES;
				CLANG_WARN_ENUM_CONVERSION = YES;
				CLANG_WARN_INFINITE_RECURSION = YES;
				CLANG_WARN_INT_CONVERSION = YES;
				CLANG_WARN_NON_LITERAL_NULL_CONVERSION = YES;
				CLANG_WARN_OBJC_IMPLICIT_RETAIN_SELF = YES;
				CLANG_WARN_OBJC_LITERAL_CONVERSION = YES;
				CLANG_WARN_OBJC_ROOT_CLASS = YES_ERROR;
				CLANG_WARN_QUOTED_INCLUDE_IN_FRAMEWORK_HEADER = YES;
				CLANG_WARN_RANGE_LOOP_ANALYSIS = YES;
				CLANG_WARN_STRICT_PROTOTYPES = YES;
				CLANG_WARN_SUSPICIOUS_MOVE = YES;
				CLANG_WARN_UNGUARDED_AVAILABILITY = YES_AGGRESSIVE;
				CLANG_WARN_UNREACHABLE_CODE = YES;
				CLANG_WARN__DUPLICATE_METHOD_MATCH = YES;
				COPY_PHASE_STRIP = NO;
				DEBUG_INFORMATION_FORMAT = "dwarf-with-dsym";
				ENABLE_NS_ASSERTIONS = NO;
				ENABLE_STRICT_OBJC_MSGSEND = YES;
				GCC_C_LANGUAGE_STANDARD = gnu11;
				GCC_NO_COMMON_BLOCKS = YES;
				GCC_WARN_64_TO_32_BIT_CONVERSION = YES;
				GCC_WARN_ABOUT_RETURN_TYPE = YES_ERROR;
				GCC_WARN_UNDECLARED_SELECTOR = YES;
				GCC_WARN_UNINITIALIZED_AUTOS = YES_AGGRESSIVE;
				GCC_WARN_UNUSED_FUNCTION = YES;
				GCC_WARN_UNUSED_VARIABLE = YES;
				IPHONEOS_DEPLOYMENT_TARGET = 14.4;
				MTL_ENABLE_DEBUG_INFO = NO;
				MTL_FAST_MATH = YES;
				SDKROOT = iphoneos;
				SWIFT_COMPILATION_MODE = wholemodule;
				SWIFT_OPTIMIZATION_LEVEL = "-O";
				VALIDATE_PRODUCT = YES;
			};
			name = Release;
		};
		A2AA445F2616D4FA00E449C6 /* Debug */ = {
			isa = XCBuildConfiguration;
			buildSettings = {
				ASSETCATALOG_COMPILER_APPICON_NAME = AppIcon;
				ASSETCATALOG_COMPILER_GLOBAL_ACCENT_COLOR_NAME = AccentColor;
				CODE_SIGN_STYLE = Automatic;
				DEVELOPMENT_ASSET_PATHS = "\"DemoCodeGen/Preview Content\"";
				DEVELOPMENT_TEAM = HS9WKSWUN6;
				ENABLE_PREVIEWS = YES;
				INFOPLIST_FILE = DemoCodeGen/Info.plist;
				IPHONEOS_DEPLOYMENT_TARGET = 14.0;
				LD_RUNPATH_SEARCH_PATHS = (
					"$(inherited)",
					"@executable_path/Frameworks",
				);
				PRODUCT_BUNDLE_IDENTIFIER = eban.DemoCodeGen;
				PRODUCT_NAME = "$(TARGET_NAME)";
				SWIFT_VERSION = 5.0;
				TARGETED_DEVICE_FAMILY = "1,2";
			};
			name = Debug;
		};
		A2AA44602616D4FA00E449C6 /* Release */ = {
			isa = XCBuildConfiguration;
			buildSettings = {
				ASSETCATALOG_COMPILER_APPICON_NAME = AppIcon;
				ASSETCATALOG_COMPILER_GLOBAL_ACCENT_COLOR_NAME = AccentColor;
				CODE_SIGN_STYLE = Automatic;
				DEVELOPMENT_ASSET_PATHS = "\"DemoCodeGen/Preview Content\"";
				DEVELOPMENT_TEAM = HS9WKSWUN6;
				ENABLE_PREVIEWS = YES;
				INFOPLIST_FILE = DemoCodeGen/Info.plist;
				IPHONEOS_DEPLOYMENT_TARGET = 14.0;
				LD_RUNPATH_SEARCH_PATHS = (
					"$(inherited)",
					"@executable_path/Frameworks",
				);
				PRODUCT_BUNDLE_IDENTIFIER = eban.DemoCodeGen;
				PRODUCT_NAME = "$(TARGET_NAME)";
				SWIFT_VERSION = 5.0;
				TARGETED_DEVICE_FAMILY = "1,2";
			};
			name = Release;
		};
/* End XCBuildConfiguration section */

/* Begin XCConfigurationList section */
		A2AA444A2616D4F900E449C6 /* Build configuration list for PBXProject "DemoCodeGen" */ = {
			isa = XCConfigurationList;
			buildConfigurations = (
				A2AA445C2616D4FA00E449C6 /* Debug */,
				A2AA445D2616D4FA00E449C6 /* Release */,
			);
			defaultConfigurationIsVisible = 0;
			defaultConfigurationName = Release;
		};
		A2AA445E2616D4FA00E449C6 /* Build configuration list for PBXNativeTarget "DemoCodeGen" */ = {
			isa = XCConfigurationList;
			buildConfigurations = (
				A2AA445F2616D4FA00E449C6 /* Debug */,
				A2AA44602616D4FA00E449C6 /* Release */,
			);
			defaultConfigurationIsVisible = 0;
			defaultConfigurationName = Release;
		};
/* End XCConfigurationList section */
	};
	rootObject = A2AA44472616D4F900E449C6 /* Project object */;
}
